// !$*UTF8*$!
{
	archiveVersion = 1;
	classes = {
	};
	objectVersion = 56;
	objects = {

/* Begin PBXBuildFile section */
		401915172B53113C007BF62C /* main.cpp in Sources */ = {isa = PBXBuildFile; fileRef = 401915162B53113C007BF62C /* main.cpp */; };
		401915202B5311D2007BF62C /* Structures.cpp in Sources */ = {isa = PBXBuildFile; fileRef = 4019151E2B5311D2007BF62C /* Structures.cpp */; };
		401915232B53179F007BF62C /* Triangulation.cpp in Sources */ = {isa = PBXBuildFile; fileRef = 401915212B53179E007BF62C /* Triangulation.cpp */; };
		AB2F2E822B882E99008488E5 /* makefile in Sources */ = {isa = PBXBuildFile; fileRef = AB2F2E812B882E99008488E5 /* makefile */; };
/* End PBXBuildFile section */

/* Begin PBXCopyFilesBuildPhase section */
		401915112B53113C007BF62C /* CopyFiles */ = {
			isa = PBXCopyFilesBuildPhase;
			buildActionMask = 2147483647;
			dstPath = /usr/share/man/man1/;
			dstSubfolderSpec = 0;
			files = (
			);
			runOnlyForDeploymentPostprocessing = 1;
		};
/* End PBXCopyFilesBuildPhase section */

/* Begin PBXFileReference section */
		401915132B53113C007BF62C /* Delaunay_Triangulation_Project */ = {isa = PBXFileReference; explicitFileType = "compiled.mach-o.executable"; includeInIndex = 0; path = Delaunay_Triangulation_Project; sourceTree = BUILT_PRODUCTS_DIR; };
		401915162B53113C007BF62C /* main.cpp */ = {isa = PBXFileReference; lastKnownFileType = sourcecode.cpp.cpp; path = main.cpp; sourceTree = "<group>"; };
		4019151E2B5311D2007BF62C /* Structures.cpp */ = {isa = PBXFileReference; lastKnownFileType = sourcecode.cpp.cpp; path = Structures.cpp; sourceTree = "<group>"; };
		4019151F2B5311D2007BF62C /* Structures.hpp */ = {isa = PBXFileReference; lastKnownFileType = sourcecode.cpp.h; path = Structures.hpp; sourceTree = "<group>"; };
		401915212B53179E007BF62C /* Triangulation.cpp */ = {isa = PBXFileReference; lastKnownFileType = sourcecode.cpp.cpp; path = Triangulation.cpp; sourceTree = "<group>"; };
		401915222B53179F007BF62C /* Triangulation.hpp */ = {isa = PBXFileReference; lastKnownFileType = sourcecode.cpp.h; path = Triangulation.hpp; sourceTree = "<group>"; };
		AB2F2E812B882E99008488E5 /* makefile */ = {isa = PBXFileReference; lastKnownFileType = sourcecode.make; path = makefile; sourceTree = "<group>"; };
		AB2F2E832B888647008488E5 /* triangles.txt */ = {isa = PBXFileReference; lastKnownFileType = text; path = triangles.txt; sourceTree = "<group>"; };
		AB2F2E842B8888D1008488E5 /* ReadFile.py */ = {isa = PBXFileReference; lastKnownFileType = text.script.python; path = ReadFile.py; sourceTree = "<group>"; };
/* End PBXFileReference section */

/* Begin PBXFrameworksBuildPhase section */
		401915102B53113C007BF62C /* Frameworks */ = {
			isa = PBXFrameworksBuildPhase;
			buildActionMask = 2147483647;
			files = (
			);
			runOnlyForDeploymentPostprocessing = 0;
		};
/* End PBXFrameworksBuildPhase section */

/* Begin PBXGroup section */
		4019150A2B53113C007BF62C = {
			isa = PBXGroup;
			children = (
				401915152B53113C007BF62C /* Delaunay_Triangulation_Project */,
				401915142B53113C007BF62C /* Products */,
			);
			sourceTree = "<group>";
		};
		401915142B53113C007BF62C /* Products */ = {
			isa = PBXGroup;
			children = (
				401915132B53113C007BF62C /* Delaunay_Triangulation_Project */,
			);
			name = Products;
			sourceTree = "<group>";
		};
		401915152B53113C007BF62C /* Delaunay_Triangulation_Project */ = {
			isa = PBXGroup;
			children = (
				AB2F2E842B8888D1008488E5 /* ReadFile.py */,
				401915162B53113C007BF62C /* main.cpp */,
				AB2F2E832B888647008488E5 /* triangles.txt */,
				4019151E2B5311D2007BF62C /* Structures.cpp */,
				4019151F2B5311D2007BF62C /* Structures.hpp */,
				401915212B53179E007BF62C /* Triangulation.cpp */,
				401915222B53179F007BF62C /* Triangulation.hpp */,
				AB2F2E812B882E99008488E5 /* makefile */,
			);
			path = Delaunay_Triangulation_Project;
			sourceTree = "<group>";
		};
/* End PBXGroup section */

/* Begin PBXNativeTarget section */
		401915122B53113C007BF62C /* Delaunay_Triangulation_Project */ = {
			isa = PBXNativeTarget;
			buildConfigurationList = 4019151A2B53113C007BF62C /* Build configuration list for PBXNativeTarget "Delaunay_Triangulation_Project" */;
			buildPhases = (
				4019150F2B53113C007BF62C /* Sources */,
				401915102B53113C007BF62C /* Frameworks */,
				401915112B53113C007BF62C /* CopyFiles */,
			);
			buildRules = (
			);
			dependencies = (
			);
			name = Delaunay_Triangulation_Project;
			productName = Delaunay_Triangulation_Project;
			productReference = 401915132B53113C007BF62C /* Delaunay_Triangulation_Project */;
			productType = "com.apple.product-type.tool";
		};
/* End PBXNativeTarget section */

/* Begin PBXProject section */
		4019150B2B53113C007BF62C /* Project object */ = {
			isa = PBXProject;
			attributes = {
				BuildIndependentTargetsInParallel = 1;
				LastUpgradeCheck = 1520;
				TargetAttributes = {
					401915122B53113C007BF62C = {
						CreatedOnToolsVersion = 15.2;
					};
				};
			};
			buildConfigurationList = 4019150E2B53113C007BF62C /* Build configuration list for PBXProject "Delaunay_Triangulation_Project" */;
			compatibilityVersion = "Xcode 14.0";
			developmentRegion = en;
			hasScannedForEncodings = 0;
			knownRegions = (
				en,
				Base,
			);
			mainGroup = 4019150A2B53113C007BF62C;
			productRefGroup = 401915142B53113C007BF62C /* Products */;
			projectDirPath = "";
			projectRoot = "";
			targets = (
				401915122B53113C007BF62C /* Delaunay_Triangulation_Project */,
			);
		};
/* End PBXProject section */

/* Begin PBXSourcesBuildPhase section */
		4019150F2B53113C007BF62C /* Sources */ = {
			isa = PBXSourcesBuildPhase;
			buildActionMask = 2147483647;
			files = (
				401915232B53179F007BF62C /* Triangulation.cpp in Sources */,
				401915172B53113C007BF62C /* main.cpp in Sources */,
				AB2F2E822B882E99008488E5 /* makefile in Sources */,
				401915202B5311D2007BF62C /* Structures.cpp in Sources */,
			);
			runOnlyForDeploymentPostprocessing = 0;
		};
/* End PBXSourcesBuildPhase section */

/* Begin XCBuildConfiguration section */
		401915182B53113C007BF62C /* Debug */ = {
			isa = XCBuildConfiguration;
			buildSettings = {
				ALWAYS_SEARCH_USER_PATHS = NO;
				ASSETCATALOG_COMPILER_GENERATE_SWIFT_ASSET_SYMBOL_EXTENSIONS = YES;
				CLANG_ANALYZER_NONNULL = YES;
				CLANG_ANALYZER_NUMBER_OBJECT_CONVERSION = YES_AGGRESSIVE;
				CLANG_CXX_LANGUAGE_STANDARD = "gnu++20";
				CLANG_ENABLE_MODULES = YES;
				CLANG_ENABLE_OBJC_ARC = YES;
				CLANG_ENABLE_OBJC_WEAK = YES;
				CLANG_WARN_BLOCK_CAPTURE_AUTORELEASING = YES;
				CLANG_WARN_BOOL_CONVERSION = YES;
				CLANG_WARN_COMMA = YES;
				CLANG_WARN_CONSTANT_CONVERSION = YES;
				CLANG_WARN_DEPRECATED_OBJC_IMPLEMENTATIONS = YES;
				CLANG_WARN_DIRECT_OBJC_ISA_USAGE = YES_ERROR;
				CLANG_WARN_DOCUMENTATION_COMMENTS = YES;
				CLANG_WARN_EMPTY_BODY = YES;
				CLANG_WARN_ENUM_CONVERSION = YES;
				CLANG_WARN_INFINITE_RECURSION = YES;
				CLANG_WARN_INT_CONVERSION = YES;
				CLANG_WARN_NON_LITERAL_NULL_CONVERSION = YES;
				CLANG_WARN_OBJC_IMPLICIT_RETAIN_SELF = YES;
				CLANG_WARN_OBJC_LITERAL_CONVERSION = YES;
				CLANG_WARN_OBJC_ROOT_CLASS = YES_ERROR;
				CLANG_WARN_QUOTED_INCLUDE_IN_FRAMEWORK_HEADER = YES;
				CLANG_WARN_RANGE_LOOP_ANALYSIS = YES;
				CLANG_WARN_STRICT_PROTOTYPES = YES;
				CLANG_WARN_SUSPICIOUS_MOVE = YES;
				CLANG_WARN_UNGUARDED_AVAILABILITY = YES_AGGRESSIVE;
				CLANG_WARN_UNREACHABLE_CODE = YES;
				CLANG_WARN__DUPLICATE_METHOD_MATCH = YES;
				COPY_PHASE_STRIP = NO;
				DEBUG_INFORMATION_FORMAT = dwarf;
				ENABLE_STRICT_OBJC_MSGSEND = YES;
				ENABLE_TESTABILITY = YES;
				ENABLE_USER_SCRIPT_SANDBOXING = YES;
				GCC_C_LANGUAGE_STANDARD = gnu17;
				GCC_DYNAMIC_NO_PIC = NO;
				GCC_NO_COMMON_BLOCKS = YES;
				GCC_OPTIMIZATION_LEVEL = 0;
				GCC_PREPROCESSOR_DEFINITIONS = (
					"DEBUG=1",
					"$(inherited)",
				);
				GCC_WARN_64_TO_32_BIT_CONVERSION = YES;
				GCC_WARN_ABOUT_RETURN_TYPE = YES_ERROR;
				GCC_WARN_UNDECLARED_SELECTOR = YES;
				GCC_WARN_UNINITIALIZED_AUTOS = YES_AGGRESSIVE;
				GCC_WARN_UNUSED_FUNCTION = YES;
				GCC_WARN_UNUSED_VARIABLE = YES;
				LOCALIZATION_PREFERS_STRING_CATALOGS = YES;
				MACOSX_DEPLOYMENT_TARGET = 13.5;
				MTL_ENABLE_DEBUG_INFO = INCLUDE_SOURCE;
				MTL_FAST_MATH = YES;
				ONLY_ACTIVE_ARCH = YES;
				SDKROOT = macosx;
			};
			name = Debug;
		};
		401915192B53113C007BF62C /* Release */ = {
			isa = XCBuildConfiguration;
			buildSettings = {
				ALWAYS_SEARCH_USER_PATHS = NO;
				ASSETCATALOG_COMPILER_GENERATE_SWIFT_ASSET_SYMBOL_EXTENSIONS = YES;
				CLANG_ANALYZER_NONNULL = YES;
				CLANG_ANALYZER_NUMBER_OBJECT_CONVERSION = YES_AGGRESSIVE;
				CLANG_CXX_LANGUAGE_STANDARD = "gnu++20";
				CLANG_ENABLE_MODULES = YES;
				CLANG_ENABLE_OBJC_ARC = YES;
				CLANG_ENABLE_OBJC_WEAK = YES;
				CLANG_WARN_BLOCK_CAPTURE_AUTORELEASING = YES;
				CLANG_WARN_BOOL_CONVERSION = YES;
				CLANG_WARN_COMMA = YES;
				CLANG_WARN_CONSTANT_CONVERSION = YES;
				CLANG_WARN_DEPRECATED_OBJC_IMPLEMENTATIONS = YES;
				CLANG_WARN_DIRECT_OBJC_ISA_USAGE = YES_ERROR;
				CLANG_WARN_DOCUMENTATION_COMMENTS = YES;
				CLANG_WARN_EMPTY_BODY = YES;
				CLANG_WARN_ENUM_CONVERSION = YES;
				CLANG_WARN_INFINITE_RECURSION = YES;
				CLANG_WARN_INT_CONVERSION = YES;
				CLANG_WARN_NON_LITERAL_NULL_CONVERSION = YES;
				CLANG_WARN_OBJC_IMPLICIT_RETAIN_SELF = YES;
				CLANG_WARN_OBJC_LITERAL_CONVERSION = YES;
				CLANG_WARN_OBJC_ROOT_CLASS = YES_ERROR;
				CLANG_WARN_QUOTED_INCLUDE_IN_FRAMEWORK_HEADER = YES;
				CLANG_WARN_RANGE_LOOP_ANALYSIS = YES;
				CLANG_WARN_STRICT_PROTOTYPES = YES;
				CLANG_WARN_SUSPICIOUS_MOVE = YES;
				CLANG_WARN_UNGUARDED_AVAILABILITY = YES_AGGRESSIVE;
				CLANG_WARN_UNREACHABLE_CODE = YES;
				CLANG_WARN__DUPLICATE_METHOD_MATCH = YES;
				COPY_PHASE_STRIP = NO;
				DEBUG_INFORMATION_FORMAT = "dwarf-with-dsym";
				ENABLE_NS_ASSERTIONS = NO;
				ENABLE_STRICT_OBJC_MSGSEND = YES;
				ENABLE_USER_SCRIPT_SANDBOXING = YES;
				GCC_C_LANGUAGE_STANDARD = gnu17;
				GCC_NO_COMMON_BLOCKS = YES;
				GCC_WARN_64_TO_32_BIT_CONVERSION = YES;
				GCC_WARN_ABOUT_RETURN_TYPE = YES_ERROR;
				GCC_WARN_UNDECLARED_SELECTOR = YES;
				GCC_WARN_UNINITIALIZED_AUTOS = YES_AGGRESSIVE;
				GCC_WARN_UNUSED_FUNCTION = YES;
				GCC_WARN_UNUSED_VARIABLE = YES;
				LOCALIZATION_PREFERS_STRING_CATALOGS = YES;
				MACOSX_DEPLOYMENT_TARGET = 13.5;
				MTL_ENABLE_DEBUG_INFO = NO;
				MTL_FAST_MATH = YES;
				SDKROOT = macosx;
			};
			name = Release;
		};
		4019151B2B53113C007BF62C /* Debug */ = {
			isa = XCBuildConfiguration;
			buildSettings = {
				CODE_SIGN_STYLE = Automatic;
				MACOSX_DEPLOYMENT_TARGET = 12.0;
				PRODUCT_NAME = "$(TARGET_NAME)";
			};
			name = Debug;
		};
		4019151C2B53113C007BF62C /* Release */ = {
			isa = XCBuildConfiguration;
			buildSettings = {
				CODE_SIGN_STYLE = Automatic;
				MACOSX_DEPLOYMENT_TARGET = 12.0;
				PRODUCT_NAME = "$(TARGET_NAME)";
			};
			name = Release;
		};
/* End XCBuildConfiguration section */

/* Begin XCConfigurationList section */
		4019150E2B53113C007BF62C /* Build configuration list for PBXProject "Delaunay_Triangulation_Project" */ = {
			isa = XCConfigurationList;
			buildConfigurations = (
				401915182B53113C007BF62C /* Debug */,
				401915192B53113C007BF62C /* Release */,
			);
			defaultConfigurationIsVisible = 0;
			defaultConfigurationName = Release;
		};
		4019151A2B53113C007BF62C /* Build configuration list for PBXNativeTarget "Delaunay_Triangulation_Project" */ = {
			isa = XCConfigurationList;
			buildConfigurations = (
				4019151B2B53113C007BF62C /* Debug */,
				4019151C2B53113C007BF62C /* Release */,
			);
			defaultConfigurationIsVisible = 0;
			defaultConfigurationName = Release;
		};
/* End XCConfigurationList section */
	};
	rootObject = 4019150B2B53113C007BF62C /* Project object */;
}
